
Microsoft Visual Studio Solution File, Format Version 12.00
# Visual Studio 15
VisualStudioVersion = 15.0.27703.2035
MinimumVisualStudioVersion = 10.0.40219.1
Project("{FAE04EC0-301F-11D3-BF4B-00C04F79EFBC}") = "PaoDrill", "PaoDrill.csproj", "{3886FB21-1E2D-49D7-B142-3E3406693233}"
EndProject
Global
	GlobalSection(SolutionConfigurationPlatforms) = preSolution
		Debug|Any CPU = Debug|Any CPU
		Release|Any CPU = Release|Any CPU
	EndGlobalSection
	GlobalSection(ProjectConfigurationPlatforms) = postSolution
		{3886FB21-1E2D-49D7-B142-3E3406693233}.Debug|Any CPU.ActiveCfg = Debug|Any CPU
		{3886FB21-1E2D-49D7-B142-3E3406693233}.Debug|Any CPU.Build.0 = Debug|Any CPU
		{3886FB21-1E2D-49D7-B142-3E3406693233}.Release|Any CPU.ActiveCfg = Release|Any CPU
		{3886FB21-1E2D-49D7-B142-3E3406693233}.Release|Any CPU.Build.0 = Release|Any CPU
	EndGlobalSection
	GlobalSection(SolutionProperties) = preSolution
		HideSolutionNode = FALSE
	EndGlobalSection
	GlobalSection(ExtensibilityGlobals) = postSolution
		SolutionGuid = {A75C98DD-E7E9-469D-B360-E37C06070866}
	EndGlobalSection
EndGlobal
